// !$*UTF8*$!
{
	archiveVersion = 1;
	classes = {
	};
	objectVersion = 50;
	objects = {

/* Begin PBXBuildFile section */
		DC105D7722EFFD6D00AEE830 /* AppDelegate.swift in Sources */ = {isa = PBXBuildFile; fileRef = DC105D7622EFFD6D00AEE830 /* AppDelegate.swift */; };
		DC105D7922EFFD6D00AEE830 /* SceneDelegate.swift in Sources */ = {isa = PBXBuildFile; fileRef = DC105D7822EFFD6D00AEE830 /* SceneDelegate.swift */; };
		DC105D7B22EFFD6D00AEE830 /* ContentView.swift in Sources */ = {isa = PBXBuildFile; fileRef = DC105D7A22EFFD6D00AEE830 /* ContentView.swift */; };
		DC105D7D22EFFD6E00AEE830 /* Assets.xcassets in Resources */ = {isa = PBXBuildFile; fileRef = DC105D7C22EFFD6E00AEE830 /* Assets.xcassets */; };
		DC105D8022EFFD6E00AEE830 /* Preview Assets.xcassets in Resources */ = {isa = PBXBuildFile; fileRef = DC105D7F22EFFD6E00AEE830 /* Preview Assets.xcassets */; };
		DC105D8322EFFD6E00AEE830 /* LaunchScreen.storyboard in Resources */ = {isa = PBXBuildFile; fileRef = DC105D8122EFFD6E00AEE830 /* LaunchScreen.storyboard */; };
		DC105D8C22EFFE1300AEE830 /* BadgeView.swift in Sources */ = {isa = PBXBuildFile; fileRef = DC105D8B22EFFE1300AEE830 /* BadgeView.swift */; };
		DC105D8E22EFFE7700AEE830 /* HaxagonParameters.swift in Sources */ = {isa = PBXBuildFile; fileRef = DC105D8D22EFFE7700AEE830 /* HaxagonParameters.swift */; };
		DC105D9022F022E400AEE830 /* BadgeBackgroundView.swift in Sources */ = {isa = PBXBuildFile; fileRef = DC105D8F22F022E400AEE830 /* BadgeBackgroundView.swift */; };
		DC105D9222F0283300AEE830 /* SymbolView.swift in Sources */ = {isa = PBXBuildFile; fileRef = DC105D9122F0283300AEE830 /* SymbolView.swift */; };
/* End PBXBuildFile section */

/* Begin PBXFileReference section */
		DC105D7322EFFD6D00AEE830 /* Drawing.app */ = {isa = PBXFileReference; explicitFileType = wrapper.application; includeInIndex = 0; path = Drawing.app; sourceTree = BUILT_PRODUCTS_DIR; };
		DC105D7622EFFD6D00AEE830 /* AppDelegate.swift */ = {isa = PBXFileReference; lastKnownFileType = sourcecode.swift; path = AppDelegate.swift; sourceTree = "<group>"; };
		DC105D7822EFFD6D00AEE830 /* SceneDelegate.swift */ = {isa = PBXFileReference; lastKnownFileType = sourcecode.swift; path = SceneDelegate.swift; sourceTree = "<group>"; };
		DC105D7A22EFFD6D00AEE830 /* ContentView.swift */ = {isa = PBXFileReference; lastKnownFileType = sourcecode.swift; path = ContentView.swift; sourceTree = "<group>"; };
		DC105D7C22EFFD6E00AEE830 /* Assets.xcassets */ = {isa = PBXFileReference; lastKnownFileType = folder.assetcatalog; path = Assets.xcassets; sourceTree = "<group>"; };
		DC105D7F22EFFD6E00AEE830 /* Preview Assets.xcassets */ = {isa = PBXFileReference; lastKnownFileType = folder.assetcatalog; path = "Preview Assets.xcassets"; sourceTree = "<group>"; };
		DC105D8222EFFD6E00AEE830 /* Base */ = {isa = PBXFileReference; lastKnownFileType = file.storyboard; name = Base; path = Base.lproj/LaunchScreen.storyboard; sourceTree = "<group>"; };
		DC105D8422EFFD6E00AEE830 /* Info.plist */ = {isa = PBXFileReference; lastKnownFileType = text.plist.xml; path = Info.plist; sourceTree = "<group>"; };
		DC105D8B22EFFE1300AEE830 /* BadgeView.swift */ = {isa = PBXFileReference; lastKnownFileType = sourcecode.swift; path = BadgeView.swift; sourceTree = "<group>"; };
		DC105D8D22EFFE7700AEE830 /* HaxagonParameters.swift */ = {isa = PBXFileReference; lastKnownFileType = sourcecode.swift; path = HaxagonParameters.swift; sourceTree = "<group>"; };
		DC105D8F22F022E400AEE830 /* BadgeBackgroundView.swift */ = {isa = PBXFileReference; lastKnownFileType = sourcecode.swift; path = BadgeBackgroundView.swift; sourceTree = "<group>"; };
		DC105D9122F0283300AEE830 /* SymbolView.swift */ = {isa = PBXFileReference; lastKnownFileType = sourcecode.swift; path = SymbolView.swift; sourceTree = "<group>"; };
/* End PBXFileReference section */

/* Begin PBXFrameworksBuildPhase section */
		DC105D7022EFFD6D00AEE830 /* Frameworks */ = {
			isa = PBXFrameworksBuildPhase;
			buildActionMask = 2147483647;
			files = (
			);
			runOnlyForDeploymentPostprocessing = 0;
		};
/* End PBXFrameworksBuildPhase section */

/* Begin PBXGroup section */
		DC105D6A22EFFD6D00AEE830 = {
			isa = PBXGroup;
			children = (
				DC105D7522EFFD6D00AEE830 /* Drawing */,
				DC105D7422EFFD6D00AEE830 /* Products */,
			);
			sourceTree = "<group>";
		};
		DC105D7422EFFD6D00AEE830 /* Products */ = {
			isa = PBXGroup;
			children = (
				DC105D7322EFFD6D00AEE830 /* Drawing.app */,
			);
			name = Products;
			sourceTree = "<group>";
		};
		DC105D7522EFFD6D00AEE830 /* Drawing */ = {
			isa = PBXGroup;
			children = (
				DC105D8A22EFFE0100AEE830 /* Views */,
				DC105D7622EFFD6D00AEE830 /* AppDelegate.swift */,
				DC105D7822EFFD6D00AEE830 /* SceneDelegate.swift */,
				DC105D7A22EFFD6D00AEE830 /* ContentView.swift */,
				DC105D7C22EFFD6E00AEE830 /* Assets.xcassets */,
				DC105D8122EFFD6E00AEE830 /* LaunchScreen.storyboard */,
				DC105D8422EFFD6E00AEE830 /* Info.plist */,
				DC105D7E22EFFD6E00AEE830 /* Preview Content */,
				DC105D8D22EFFE7700AEE830 /* HaxagonParameters.swift */,
			);
			path = Drawing;
			sourceTree = "<group>";
		};
		DC105D7E22EFFD6E00AEE830 /* Preview Content */ = {
			isa = PBXGroup;
			children = (
				DC105D7F22EFFD6E00AEE830 /* Preview Assets.xcassets */,
			);
			path = "Preview Content";
			sourceTree = "<group>";
		};
		DC105D8A22EFFE0100AEE830 /* Views */ = {
			isa = PBXGroup;
			children = (
				DC105D8B22EFFE1300AEE830 /* BadgeView.swift */,
				DC105D8F22F022E400AEE830 /* BadgeBackgroundView.swift */,
				DC105D9122F0283300AEE830 /* SymbolView.swift */,
			);
			path = Views;
			sourceTree = "<group>";
		};
/* End PBXGroup section */

/* Begin PBXNativeTarget section */
		DC105D7222EFFD6D00AEE830 /* Drawing */ = {
			isa = PBXNativeTarget;
			buildConfigurationList = DC105D8722EFFD6E00AEE830 /* Build configuration list for PBXNativeTarget "Drawing" */;
			buildPhases = (
				DC105D6F22EFFD6D00AEE830 /* Sources */,
				DC105D7022EFFD6D00AEE830 /* Frameworks */,
				DC105D7122EFFD6D00AEE830 /* Resources */,
			);
			buildRules = (
			);
			dependencies = (
			);
			name = Drawing;
			productName = Drawing;
			productReference = DC105D7322EFFD6D00AEE830 /* Drawing.app */;
			productType = "com.apple.product-type.application";
		};
/* End PBXNativeTarget section */

/* Begin PBXProject section */
		DC105D6B22EFFD6D00AEE830 /* Project object */ = {
			isa = PBXProject;
			attributes = {
				LastSwiftUpdateCheck = 1100;
				LastUpgradeCheck = 1100;
				ORGANIZATIONNAME = "Rod Landaeta";
				TargetAttributes = {
					DC105D7222EFFD6D00AEE830 = {
						CreatedOnToolsVersion = 11.0;
					};
				};
			};
			buildConfigurationList = DC105D6E22EFFD6D00AEE830 /* Build configuration list for PBXProject "Drawing" */;
			compatibilityVersion = "Xcode 9.3";
			developmentRegion = en;
			hasScannedForEncodings = 0;
			knownRegions = (
				en,
				Base,
			);
			mainGroup = DC105D6A22EFFD6D00AEE830;
			productRefGroup = DC105D7422EFFD6D00AEE830 /* Products */;
			projectDirPath = "";
			projectRoot = "";
			targets = (
				DC105D7222EFFD6D00AEE830 /* Drawing */,
			);
		};
/* End PBXProject section */

/* Begin PBXResourcesBuildPhase section */
		DC105D7122EFFD6D00AEE830 /* Resources */ = {
			isa = PBXResourcesBuildPhase;
			buildActionMask = 2147483647;
			files = (
				DC105D8322EFFD6E00AEE830 /* LaunchScreen.storyboard in Resources */,
				DC105D8022EFFD6E00AEE830 /* Preview Assets.xcassets in Resources */,
				DC105D7D22EFFD6E00AEE830 /* Assets.xcassets in Resources */,
			);
			runOnlyForDeploymentPostprocessing = 0;
		};
/* End PBXResourcesBuildPhase section */

/* Begin PBXSourcesBuildPhase section */
		DC105D6F22EFFD6D00AEE830 /* Sources */ = {
			isa = PBXSourcesBuildPhase;
			buildActionMask = 2147483647;
			files = (
				DC105D8C22EFFE1300AEE830 /* BadgeView.swift in Sources */,
				DC105D7722EFFD6D00AEE830 /* AppDelegate.swift in Sources */,
				DC105D8E22EFFE7700AEE830 /* HaxagonParameters.swift in Sources */,
				DC105D7922EFFD6D00AEE830 /* SceneDelegate.swift in Sources */,
				DC105D9022F022E400AEE830 /* BadgeBackgroundView.swift in Sources */,
				DC105D7B22EFFD6D00AEE830 /* ContentView.swift in Sources */,
				DC105D9222F0283300AEE830 /* SymbolView.swift in Sources */,
			);
			runOnlyForDeploymentPostprocessing = 0;
		};
/* End PBXSourcesBuildPhase section */

/* Begin PBXVariantGroup section */
		DC105D8122EFFD6E00AEE830 /* LaunchScreen.storyboard */ = {
			isa = PBXVariantGroup;
			children = (
				DC105D8222EFFD6E00AEE830 /* Base */,
			);
			name = LaunchScreen.storyboard;
			sourceTree = "<group>";
		};
/* End PBXVariantGroup section */

/* Begin XCBuildConfiguration section */
		DC105D8522EFFD6E00AEE830 /* Debug */ = {
			isa = XCBuildConfiguration;
			buildSettings = {
				ALWAYS_SEARCH_USER_PATHS = NO;
				CLANG_ANALYZER_NONNULL = YES;
				CLANG_ANALYZER_NUMBER_OBJECT_CONVERSION = YES_AGGRESSIVE;
				CLANG_CXX_LANGUAGE_STANDARD = "gnu++14";
				CLANG_CXX_LIBRARY = "libc++";
				CLANG_ENABLE_MODULES = YES;
				CLANG_ENABLE_OBJC_ARC = YES;
				CLANG_ENABLE_OBJC_WEAK = YES;
				CLANG_WARN_BLOCK_CAPTURE_AUTORELEASING = YES;
				CLANG_WARN_BOOL_CONVERSION = YES;
				CLANG_WARN_COMMA = YES;
				CLANG_WARN_CONSTANT_CONVERSION = YES;
				CLANG_WARN_DEPRECATED_OBJC_IMPLEMENTATIONS = YES;
				CLANG_WARN_DIRECT_OBJC_ISA_USAGE = YES_ERROR;
				CLANG_WARN_DOCUMENTATION_COMMENTS = YES;
				CLANG_WARN_EMPTY_BODY = YES;
				CLANG_WARN_ENUM_CONVERSION = YES;
				CLANG_WARN_INFINITE_RECURSION = YES;
				CLANG_WARN_INT_CONVERSION = YES;
				CLANG_WARN_NON_LITERAL_NULL_CONVERSION = YES;
				CLANG_WARN_OBJC_IMPLICIT_RETAIN_SELF = YES;
				CLANG_WARN_OBJC_LITERAL_CONVERSION = YES;
				CLANG_WARN_OBJC_ROOT_CLASS = YES_ERROR;
				CLANG_WARN_RANGE_LOOP_ANALYSIS = YES;
				CLANG_WARN_STRICT_PROTOTYPES = YES;
				CLANG_WARN_SUSPICIOUS_MOVE = YES;
				CLANG_WARN_UNGUARDED_AVAILABILITY = YES_AGGRESSIVE;
				CLANG_WARN_UNREACHABLE_CODE = YES;
				CLANG_WARN__DUPLICATE_METHOD_MATCH = YES;
				COPY_PHASE_STRIP = NO;
				DEBUG_INFORMATION_FORMAT = dwarf;
				ENABLE_STRICT_OBJC_MSGSEND = YES;
				ENABLE_TESTABILITY = YES;
				GCC_C_LANGUAGE_STANDARD = gnu11;
				GCC_DYNAMIC_NO_PIC = NO;
				GCC_NO_COMMON_BLOCKS = YES;
				GCC_OPTIMIZATION_LEVEL = 0;
				GCC_PREPROCESSOR_DEFINITIONS = (
					"DEBUG=1",
					"$(inherited)",
				);
				GCC_WARN_64_TO_32_BIT_CONVERSION = YES;
				GCC_WARN_ABOUT_RETURN_TYPE = YES_ERROR;
				GCC_WARN_UNDECLARED_SELECTOR = YES;
				GCC_WARN_UNINITIALIZED_AUTOS = YES_AGGRESSIVE;
				GCC_WARN_UNUSED_FUNCTION = YES;
				GCC_WARN_UNUSED_VARIABLE = YES;
				IPHONEOS_DEPLOYMENT_TARGET = 13.0;
				MTL_ENABLE_DEBUG_INFO = INCLUDE_SOURCE;
				MTL_FAST_MATH = YES;
				ONLY_ACTIVE_ARCH = YES;
				SDKROOT = iphoneos;
				SWIFT_ACTIVE_COMPILATION_CONDITIONS = DEBUG;
				SWIFT_OPTIMIZATION_LEVEL = "-Onone";
			};
			name = Debug;
		};
		DC105D8622EFFD6E00AEE830 /* Release */ = {
			isa = XCBuildConfiguration;
			buildSettings = {
				ALWAYS_SEARCH_USER_PATHS = NO;
				CLANG_ANALYZER_NONNULL = YES;
				CLANG_ANALYZER_NUMBER_OBJECT_CONVERSION = YES_AGGRESSIVE;
				CLANG_CXX_LANGUAGE_STANDARD = "gnu++14";
				CLANG_CXX_LIBRARY = "libc++";
				CLANG_ENABLE_MODULES = YES;
				CLANG_ENABLE_OBJC_ARC = YES;
				CLANG_ENABLE_OBJC_WEAK = YES;
				CLANG_WARN_BLOCK_CAPTURE_AUTORELEASING = YES;
				CLANG_WARN_BOOL_CONVERSION = YES;
				CLANG_WARN_COMMA = YES;
				CLANG_WARN_CONSTANT_CONVERSION = YES;
				CLANG_WARN_DEPRECATED_OBJC_IMPLEMENTATIONS = YES;
				CLANG_WARN_DIRECT_OBJC_ISA_USAGE = YES_ERROR;
				CLANG_WARN_DOCUMENTATION_COMMENTS = YES;
				CLANG_WARN_EMPTY_BODY = YES;
				CLANG_WARN_ENUM_CONVERSION = YES;
				CLANG_WARN_INFINITE_RECURSION = YES;
				CLANG_WARN_INT_CONVERSION = YES;
				CLANG_WARN_NON_LITERAL_NULL_CONVERSION = YES;
				CLANG_WARN_OBJC_IMPLICIT_RETAIN_SELF = YES;
				CLANG_WARN_OBJC_LITERAL_CONVERSION = YES;
				CLANG_WARN_OBJC_ROOT_CLASS = YES_ERROR;
				CLANG_WARN_RANGE_LOOP_ANALYSIS = YES;
				CLANG_WARN_STRICT_PROTOTYPES = YES;
				CLANG_WARN_SUSPICIOUS_MOVE = YES;
				CLANG_WARN_UNGUARDED_AVAILABILITY = YES_AGGRESSIVE;
				CLANG_WARN_UNREACHABLE_CODE = YES;
				CLANG_WARN__DUPLICATE_METHOD_MATCH = YES;
				COPY_PHASE_STRIP = NO;
				DEBUG_INFORMATION_FORMAT = "dwarf-with-dsym";
				ENABLE_NS_ASSERTIONS = NO;
				ENABLE_STRICT_OBJC_MSGSEND = YES;
				GCC_C_LANGUAGE_STANDARD = gnu11;
				GCC_NO_COMMON_BLOCKS = YES;
				GCC_WARN_64_TO_32_BIT_CONVERSION = YES;
				GCC_WARN_ABOUT_RETURN_TYPE = YES_ERROR;
				GCC_WARN_UNDECLARED_SELECTOR = YES;
				GCC_WARN_UNINITIALIZED_AUTOS = YES_AGGRESSIVE;
				GCC_WARN_UNUSED_FUNCTION = YES;
				GCC_WARN_UNUSED_VARIABLE = YES;
				IPHONEOS_DEPLOYMENT_TARGET = 13.0;
				MTL_ENABLE_DEBUG_INFO = NO;
				MTL_FAST_MATH = YES;
				SDKROOT = iphoneos;
				SWIFT_COMPILATION_MODE = wholemodule;
				SWIFT_OPTIMIZATION_LEVEL = "-O";
				VALIDATE_PRODUCT = YES;
			};
			name = Release;
		};
		DC105D8822EFFD6E00AEE830 /* Debug */ = {
			isa = XCBuildConfiguration;
			buildSettings = {
				ASSETCATALOG_COMPILER_APPICON_NAME = AppIcon;
				CODE_SIGN_STYLE = Automatic;
				DEVELOPMENT_ASSET_PATHS = "Drawing/Preview\\ Content";
				DEVELOPMENT_TEAM = HC666XRGRA;
				ENABLE_PREVIEWS = YES;
				INFOPLIST_FILE = Drawing/Info.plist;
				LD_RUNPATH_SEARCH_PATHS = (
					"$(inherited)",
					"@executable_path/Frameworks",
				);
				PRODUCT_BUNDLE_IDENTIFIER = org.rod.samples.Drawing;
				PRODUCT_NAME = "$(TARGET_NAME)";
				SWIFT_VERSION = 5.0;
				TARGETED_DEVICE_FAMILY = "1,2";
			};
			name = Debug;
		};
		DC105D8922EFFD6E00AEE830 /* Release */ = {
			isa = XCBuildConfiguration;
			buildSettings = {
				ASSETCATALOG_COMPILER_APPICON_NAME = AppIcon;
				CODE_SIGN_STYLE = Automatic;
				DEVELOPMENT_ASSET_PATHS = "Drawing/Preview\\ Content";
				DEVELOPMENT_TEAM = HC666XRGRA;
				ENABLE_PREVIEWS = YES;
				INFOPLIST_FILE = Drawing/Info.plist;
				LD_RUNPATH_SEARCH_PATHS = (
					"$(inherited)",
					"@executable_path/Frameworks",
				);
				PRODUCT_BUNDLE_IDENTIFIER = org.rod.samples.Drawing;
				PRODUCT_NAME = "$(TARGET_NAME)";
				SWIFT_VERSION = 5.0;
				TARGETED_DEVICE_FAMILY = "1,2";
			};
			name = Release;
		};
/* End XCBuildConfiguration section */

/* Begin XCConfigurationList section */
		DC105D6E22EFFD6D00AEE830 /* Build configuration list for PBXProject "Drawing" */ = {
			isa = XCConfigurationList;
			buildConfigurations = (
				DC105D8522EFFD6E00AEE830 /* Debug */,
				DC105D8622EFFD6E00AEE830 /* Release */,
			);
			defaultConfigurationIsVisible = 0;
			defaultConfigurationName = Release;
		};
		DC105D8722EFFD6E00AEE830 /* Build configuration list for PBXNativeTarget "Drawing" */ = {
			isa = XCConfigurationList;
			buildConfigurations = (
				DC105D8822EFFD6E00AEE830 /* Debug */,
				DC105D8922EFFD6E00AEE830 /* Release */,
			);
			defaultConfigurationIsVisible = 0;
			defaultConfigurationName = Release;
		};
/* End XCConfigurationList section */
	};
	rootObject = DC105D6B22EFFD6D00AEE830 /* Project object */;
}
